Microsoft Visual Studio Solution File, Format Version 12.00
# Visual Studio Version 17
VisualStudioVersion = 17.5.2.0
MinimumVisualStudioVersion = 10.0.40219.1
Project("{2150E333-8FDC-42A3-9474-1A3956D46DE8}") = "12_Performance_Analysis_Unit_Testing_dan_Debugging", "12_Performance_Analysis_Unit_Testing_dan_Debugging", "{30D526F7-343B-4359-FE75-B2A63F23A791}"
EndProject
Project("{2150E333-8FDC-42A3-9474-1A3956D46DE8}") = "JURNAL", "JURNAL", "{CE2C6AEA-EE8C-3266-C7F5-B5CDEC4BEEA8}"
EndProject
Project("{2150E333-8FDC-42A3-9474-1A3956D46DE8}") = "modul12_2211104073", "modul12_2211104073", "{02A9DA05-AB3F-AECE-3EF3-E6724F69F001}"
EndProject
Project("{FAE04EC0-301F-11D3-BF4B-00C04F79EFBC}") = "Modul12App", "12_Performance_Analysis_Unit_Testing_dan_Debugging\JURNAL\modul12_2211104073\Modul12App\Modul12App.csproj", "{E1E94BCA-78A3-6A46-2274-F3EC1E53152D}"
EndProject
Global
	GlobalSection(SolutionConfigurationPlatforms) = preSolution
		Debug|Any CPU = Debug|Any CPU
		Release|Any CPU = Release|Any CPU
	EndGlobalSection
	GlobalSection(ProjectConfigurationPlatforms) = postSolution
		{E1E94BCA-78A3-6A46-2274-F3EC1E53152D}.Debug|Any CPU.ActiveCfg = Debug|Any CPU
		{E1E94BCA-78A3-6A46-2274-F3EC1E53152D}.Debug|Any CPU.Build.0 = Debug|Any CPU
		{E1E94BCA-78A3-6A46-2274-F3EC1E53152D}.Release|Any CPU.ActiveCfg = Release|Any CPU
		{E1E94BCA-78A3-6A46-2274-F3EC1E53152D}.Release|Any CPU.Build.0 = Release|Any CPU
	EndGlobalSection
	GlobalSection(SolutionProperties) = preSolution
		HideSolutionNode = FALSE
	EndGlobalSection
	GlobalSection(NestedProjects) = preSolution
		{CE2C6AEA-EE8C-3266-C7F5-B5CDEC4BEEA8} = {30D526F7-343B-4359-FE75-B2A63F23A791}
		{02A9DA05-AB3F-AECE-3EF3-E6724F69F001} = {CE2C6AEA-EE8C-3266-C7F5-B5CDEC4BEEA8}
		{E1E94BCA-78A3-6A46-2274-F3EC1E53152D} = {02A9DA05-AB3F-AECE-3EF3-E6724F69F001}
	EndGlobalSection
	GlobalSection(ExtensibilityGlobals) = postSolution
		SolutionGuid = {C20B030A-CCC2-4283-B567-269FBDE18190}
	EndGlobalSection
EndGlobal
